{
  "name": "TestLoadPNG",
  "version": "1.0.0",
  "lockfileVersion": 2,
  "requires": true,
  "packages": {
    "": {
      "name": "TestLoadPNG",
      "version": "1.0.0",
      "license": "MIT",
      "dependencies": {
        "fast-png": "^6.1.0"
      }
    },
    "node_modules/@types/pako": {
      "version": "1.0.3",
      "resolved": "https://registry.npmjs.org/@types/pako/-/pako-1.0.3.tgz",
      "integrity": "sha512-EDxOsHAD5dqjbjEUM1xwa7rpKPFb8ECBE5irONTQU7/OsO3thI5YrNEWSPNMvYmvFM0l/OLQJ6Mgw7PEdXSjhg=="
    },
    "node_modules/fast-png": {
      "version": "6.1.0",
      "resolved": "https://registry.npmjs.org/fast-png/-/fast-png-6.1.0.tgz",
      "integrity": "sha512-v8e/40RKZbE1mALigoqBOkYnemCVSMmVlGSz8fawZAZg5UQ9OZeR00L++CPvrhIGm2F6TxV5u9lbWD0oOJHcCw==",
      "dependencies": {
        "@types/pako": "^1.0.2",
        "iobuffer": "^5.0.4",
        "pako": "^2.0.4"
      }
    },
    "node_modules/iobuffer": {
      "version": "5.1.0",
      "resolved": "https://registry.npmjs.org/iobuffer/-/iobuffer-5.1.0.tgz",
      "integrity": "sha512-2BYQoYadP3FkVPfqGxs4WO6z3HWGZokJfIkgOARn4P4ipVQCHJnPyva7rJLVmnRA7XTk8ZoLwutuutGeMpu3PA=="
    },
    "node_modules/pako": {
      "version": "2.0.4",
      "resolved": "https://registry.npmjs.org/pako/-/pako-2.0.4.tgz",
      "integrity": "sha512-v8tweI900AUkZN6heMU/4Uy4cXRc2AYNRggVmTR+dEncawDJgCdLMximOVA2p4qO57WMynangsfGRb5WD6L1Bg=="
    }
  },
  "dependencies": {
    "@types/pako": {
      "version": "1.0.3",
      "resolved": "https://registry.npmjs.org/@types/pako/-/pako-1.0.3.tgz",
      "integrity": "sha512-EDxOsHAD5dqjbjEUM1xwa7rpKPFb8ECBE5irONTQU7/OsO3thI5YrNEWSPNMvYmvFM0l/OLQJ6Mgw7PEdXSjhg=="
    },
    "fast-png": {
      "version": "6.1.0",
      "resolved": "https://registry.npmjs.org/fast-png/-/fast-png-6.1.0.tgz",
      "integrity": "sha512-v8e/40RKZbE1mALigoqBOkYnemCVSMmVlGSz8fawZAZg5UQ9OZeR00L++CPvrhIGm2F6TxV5u9lbWD0oOJHcCw==",
      "requires": {
        "@types/pako": "^1.0.2",
        "iobuffer": "^5.0.4",
        "pako": "^2.0.4"
      }
    },
    "iobuffer": {
      "version": "5.1.0",
      "resolved": "https://registry.npmjs.org/iobuffer/-/iobuffer-5.1.0.tgz",
      "integrity": "sha512-2BYQoYadP3FkVPfqGxs4WO6z3HWGZokJfIkgOARn4P4ipVQCHJnPyva7rJLVmnRA7XTk8ZoLwutuutGeMpu3PA=="
    },
    "pako": {
      "version": "2.0.4",
      "resolved": "https://registry.npmjs.org/pako/-/pako-2.0.4.tgz",
      "integrity": "sha512-v8tweI900AUkZN6heMU/4Uy4cXRc2AYNRggVmTR+dEncawDJgCdLMximOVA2p4qO57WMynangsfGRb5WD6L1Bg=="
    }
  }
}
